id: dsd_block_ff
label: DSD Block
category: '[DSD]'

templates:
  imports: import dsd
  make: dsd.dsd_block_ff(${frame}, ${mod}, ${uvquality}, ${errorbars}, ${verbosity})

parameters:
- id: frame
  label: Frame type
  dtype: enum
  options: [dsd.dsd_FRAME_AUTO_DETECT, dsd.dsd_FRAME_P25_PHASE_1, dsd.dsd_FRAME_DSTAR,
      dsd.dsd_FRAME_NXDN48_IDAS, dsd.dsd_FRAME_NXDN96, dsd.dsd_FRAME_PROVOICE, dsd.dsd_FRAME_DMR_MOTOTRBO,
      dsd.dsd_FRAME_X2_TDMA]
  option_labels: [Auto-detect, P25 Phase 1, D-STAR, NXDN48 (6.25 kHz) / IDAS, NXDN96
          (12.5 kHz), ProVoice, DMR/MOTOTRBO, X2-TDMA]
- id: mod
  label: Mod. Optimizations
  dtype: enum
  options: [dsd.dsd_MOD_AUTO_SELECT, dsd.dsd_MOD_C4FM, dsd.dsd_MOD_GFSK, dsd.dsd_MOD_QPSK]
  option_labels: [Auto-select, C4FM, GFSK, QPSK]
- id: uvquality
  label: Unvoiced Quality
  dtype: int
  default: '3'
- id: errorbars
  label: Show Error Bars
  dtype: bool
  default: 'True'
  options: ['False', 'True']
  option_labels: ['No', 'Yes']
- id: verbosity
  label: Verbosity
  dtype: enum
  default: '2'
  options: ['0', '1', '2', '3']
  option_labels: [Low, Medium, High, Extra high]

inputs:
- domain: stream
  dtype: float

outputs:
- domain: stream
  dtype: float

file_format: 1
